
Microsoft Visual Studio Solution File, Format Version 12.00
# Visual Studio Version 16
VisualStudioVersion = 16.0.30114.105
MinimumVisualStudioVersion = 10.0.40219.1
Project("{FAE04EC0-301F-11D3-BF4B-00C04F79EFBC}") = "Contentus.TemplateEngine.tests", "TemplateEngine\Contentus.TemplateEngine.tests\Contentus.TemplateEngine.tests.csproj", "{371540AE-5C30-42D2-81CD-2CAA47BA836D}"
EndProject
Project("{2150E333-8FDC-42A3-9474-1A3956D46DE8}") = "TemplateEngine", "TemplateEngine", "{66F7CD8E-A432-45DB-9D9F-97CC82FBF39B}"
EndProject
Global
	GlobalSection(SolutionConfigurationPlatforms) = preSolution
		Debug|Any CPU = Debug|Any CPU
		Release|Any CPU = Release|Any CPU
	EndGlobalSection
	GlobalSection(SolutionProperties) = preSolution
		HideSolutionNode = FALSE
	EndGlobalSection
	GlobalSection(ProjectConfigurationPlatforms) = postSolution
		{371540AE-5C30-42D2-81CD-2CAA47BA836D}.Debug|Any CPU.ActiveCfg = Debug|Any CPU
		{371540AE-5C30-42D2-81CD-2CAA47BA836D}.Debug|Any CPU.Build.0 = Debug|Any CPU
		{371540AE-5C30-42D2-81CD-2CAA47BA836D}.Release|Any CPU.ActiveCfg = Release|Any CPU
		{371540AE-5C30-42D2-81CD-2CAA47BA836D}.Release|Any CPU.Build.0 = Release|Any CPU
	EndGlobalSection
	GlobalSection(NestedProjects) = preSolution
		{371540AE-5C30-42D2-81CD-2CAA47BA836D} = {66F7CD8E-A432-45DB-9D9F-97CC82FBF39B}
	EndGlobalSection
EndGlobal
